
Microsoft Visual Studio Solution File, Format Version 12.00
# Visual Studio 15
VisualStudioVersion = 15.0.28307.705
MinimumVisualStudioVersion = 10.0.40219.1
Project("{FAE04EC0-301F-11D3-BF4B-00C04F79EFBC}") = "GranSteL.Helpers.CallContext", "GranSteL.Helpers.CallContext\GranSteL.Helpers.CallContext.csproj", "{A3CE6C0B-DC2F-4CBA-98EB-5ADFD1F065CA}"
EndProject
Project("{FAE04EC0-301F-11D3-BF4B-00C04F79EFBC}") = "GranSteL.Helpers.CallContext.Tests", "GranSteL.Helpers.CallContext.Tests\GranSteL.Helpers.CallContext.Tests.csproj", "{3D271D82-1E5B-4477-9180-43B849566C23}"
EndProject
Global
	GlobalSection(SolutionConfigurationPlatforms) = preSolution
		Debug|Any CPU = Debug|Any CPU
		Release|Any CPU = Release|Any CPU
	EndGlobalSection
	GlobalSection(ProjectConfigurationPlatforms) = postSolution
		{A3CE6C0B-DC2F-4CBA-98EB-5ADFD1F065CA}.Debug|Any CPU.ActiveCfg = Debug|Any CPU
		{A3CE6C0B-DC2F-4CBA-98EB-5ADFD1F065CA}.Debug|Any CPU.Build.0 = Debug|Any CPU
		{A3CE6C0B-DC2F-4CBA-98EB-5ADFD1F065CA}.Release|Any CPU.ActiveCfg = Release|Any CPU
		{A3CE6C0B-DC2F-4CBA-98EB-5ADFD1F065CA}.Release|Any CPU.Build.0 = Release|Any CPU
		{3D271D82-1E5B-4477-9180-43B849566C23}.Debug|Any CPU.ActiveCfg = Debug|Any CPU
		{3D271D82-1E5B-4477-9180-43B849566C23}.Debug|Any CPU.Build.0 = Debug|Any CPU
		{3D271D82-1E5B-4477-9180-43B849566C23}.Release|Any CPU.ActiveCfg = Release|Any CPU
		{3D271D82-1E5B-4477-9180-43B849566C23}.Release|Any CPU.Build.0 = Release|Any CPU
	EndGlobalSection
	GlobalSection(SolutionProperties) = preSolution
		HideSolutionNode = FALSE
	EndGlobalSection
	GlobalSection(ExtensibilityGlobals) = postSolution
		SolutionGuid = {1F7B8E65-A88B-4EC5-AF83-53B7045B26A3}
	EndGlobalSection
EndGlobal
